Microsoft Visual Studio Solution File, Format Version 12.00
# Visual Studio Version 16
VisualStudioVersion = 16.0.30320.27
MinimumVisualStudioVersion = 10.0.40219.1
Project("{FAE04EC0-301F-11D3-BF4B-00C04F79EFBC}") = "ECU_GCS", "ECU_GCS.csproj", "{043200BD-A8B6-472D-A271-BE7360B579F0}"
EndProject
Global
	GlobalSection(SolutionConfigurationPlatforms) = preSolution
		Debug|Any CPU = Debug|Any CPU
		Debug|x64 = Debug|x64
		Release|Any CPU = Release|Any CPU
		Release|x64 = Release|x64
		Test|Any CPU = Test|Any CPU
		Test|x64 = Test|x64
		Test2|Any CPU = Test2|Any CPU
		Test2|x64 = Test2|x64
	EndGlobalSection
	GlobalSection(ProjectConfigurationPlatforms) = postSolution
		{043200BD-A8B6-472D-A271-BE7360B579F0}.Debug|Any CPU.ActiveCfg = Debug|Any CPU
		{043200BD-A8B6-472D-A271-BE7360B579F0}.Debug|Any CPU.Build.0 = Debug|Any CPU
		{043200BD-A8B6-472D-A271-BE7360B579F0}.Debug|x64.ActiveCfg = Debug|x64
		{043200BD-A8B6-472D-A271-BE7360B579F0}.Debug|x64.Build.0 = Debug|x64
		{043200BD-A8B6-472D-A271-BE7360B579F0}.Release|Any CPU.ActiveCfg = Release|Any CPU
		{043200BD-A8B6-472D-A271-BE7360B579F0}.Release|Any CPU.Build.0 = Release|Any CPU
		{043200BD-A8B6-472D-A271-BE7360B579F0}.Release|x64.ActiveCfg = Release|x64
		{043200BD-A8B6-472D-A271-BE7360B579F0}.Release|x64.Build.0 = Release|x64
		{043200BD-A8B6-472D-A271-BE7360B579F0}.Test|Any CPU.ActiveCfg = Test|Any CPU
		{043200BD-A8B6-472D-A271-BE7360B579F0}.Test|Any CPU.Build.0 = Test|Any CPU
		{043200BD-A8B6-472D-A271-BE7360B579F0}.Test|x64.ActiveCfg = Test|x64
		{043200BD-A8B6-472D-A271-BE7360B579F0}.Test|x64.Build.0 = Test|x64
		{043200BD-A8B6-472D-A271-BE7360B579F0}.Test2|Any CPU.ActiveCfg = Test2|Any CPU
		{043200BD-A8B6-472D-A271-BE7360B579F0}.Test2|Any CPU.Build.0 = Test2|Any CPU
		{043200BD-A8B6-472D-A271-BE7360B579F0}.Test2|x64.ActiveCfg = Test2|x64
		{043200BD-A8B6-472D-A271-BE7360B579F0}.Test2|x64.Build.0 = Test2|x64
	EndGlobalSection
	GlobalSection(SolutionProperties) = preSolution
		HideSolutionNode = FALSE
	EndGlobalSection
	GlobalSection(ExtensibilityGlobals) = postSolution
		SolutionGuid = {BEA00C23-469D-40EB-879C-77080129B3D7}
	EndGlobalSection
EndGlobal
